
Microsoft Visual Studio Solution File, Format Version 12.00
# Visual Studio Version 17
VisualStudioVersion = 17.0.32126.317
MinimumVisualStudioVersion = 10.0.40219.1
Project("{2150E333-8FDC-42A3-9474-1A3956D46DE8}") = "Services", "Services", "{39E8726F-66ED-4D7A-B3AE-132DF6D46244}"
EndProject
Project("{2150E333-8FDC-42A3-9474-1A3956D46DE8}") = "Catalog", "Catalog", "{63120E4E-F0FE-4C46-A4F7-A893B910A703}"
EndProject
Project("{9A19103F-16F7-4668-BE54-9A1E7A4F7556}") = "Catalog.API", "Services\Catalog\Catalog.API\Catalog.API.csproj", "{5F2FAD1E-6C08-48DB-9FDC-793B5D916691}"
EndProject
Project("{E53339B2-1760-4266-BCC7-CA923CBCF16C}") = "docker-compose", "docker-compose.dcproj", "{7BAD3A96-853A-4C7F-9963-024E31BB4492}"
EndProject
Project("{2150E333-8FDC-42A3-9474-1A3956D46DE8}") = "Basket", "Basket", "{52ED8EB8-1E26-4104-B44C-EBBF6BBA9D13}"
EndProject
Project("{FAE04EC0-301F-11D3-BF4B-00C04F79EFBC}") = "Basket.API", "Services\Basket\Basket.API\Basket.API.csproj", "{3779E70A-4FFD-4780-BD31-DC4FD22D8188}"
EndProject
Project("{2150E333-8FDC-42A3-9474-1A3956D46DE8}") = "Discount", "Discount", "{09CD8094-0448-46E2-81E4-CCDBC88578BD}"
EndProject
Project("{9A19103F-16F7-4668-BE54-9A1E7A4F7556}") = "Discount.API", "Services\Discount\Discount.API\Discount.API.csproj", "{6EFF39D4-9473-4B09-9436-AD49AC713B1B}"
EndProject
Project("{2150E333-8FDC-42A3-9474-1A3956D46DE8}") = "Ordering", "Ordering", "{AE2BC863-8231-4F43-BFCD-94A6A47A46CD}"
Project("{9A19103F-16F7-4668-BE54-9A1E7A4F7556}") = "Discount.Grpc", "Services\Discount\Discount.Grpc\Discount.Grpc.csproj", "{8531A397-CF99-4D2E-8DDB-10D80CE505B1}"
EndProject
Project("{2150E333-8FDC-42A3-9474-1A3956D46DE8}") = "Ordering", "Ordering", "{655A630C-BEE9-4087-995B-16223E319D86}"
EndProject
Project("{FAE04EC0-301F-11D3-BF4B-00C04F79EFBC}") = "Ordering.API", "Services\Ordering\Ordering.API\Ordering.API.csproj", "{CFF45445-E8A1-4F39-87FE-CEC9A129AA80}"
EndProject
Project("{FAE04EC0-301F-11D3-BF4B-00C04F79EFBC}") = "Ordering.Domain", "Services\Ordering\Ordering.Domain\Ordering.Domain.csproj", "{081F453A-4D7B-49F0-9EFB-C8965D172957}"
EndProject
Project("{FAE04EC0-301F-11D3-BF4B-00C04F79EFBC}") = "Ordering.Application", "Services\Ordering\Ordering.Application\Ordering.Application.csproj", "{222E1F13-5903-49C6-A61D-BADF4AE55F15}"
EndProject
Project("{FAE04EC0-301F-11D3-BF4B-00C04F79EFBC}") = "Ordering.Infrastructure", "Services\Ordering\Ordering.Infrastructure\Ordering.Infrastructure.csproj", "{F464310D-CA0D-42E5-B396-C71D4BEA0C94}"
EndProject
Global
	GlobalSection(SolutionConfigurationPlatforms) = preSolution
		Debug|Any CPU = Debug|Any CPU
		Release|Any CPU = Release|Any CPU
	EndGlobalSection
	GlobalSection(ProjectConfigurationPlatforms) = postSolution
		{5F2FAD1E-6C08-48DB-9FDC-793B5D916691}.Debug|Any CPU.ActiveCfg = Debug|Any CPU
		{5F2FAD1E-6C08-48DB-9FDC-793B5D916691}.Debug|Any CPU.Build.0 = Debug|Any CPU
		{5F2FAD1E-6C08-48DB-9FDC-793B5D916691}.Release|Any CPU.ActiveCfg = Release|Any CPU
		{5F2FAD1E-6C08-48DB-9FDC-793B5D916691}.Release|Any CPU.Build.0 = Release|Any CPU
		{7BAD3A96-853A-4C7F-9963-024E31BB4492}.Debug|Any CPU.ActiveCfg = Debug|Any CPU
		{7BAD3A96-853A-4C7F-9963-024E31BB4492}.Debug|Any CPU.Build.0 = Debug|Any CPU
		{7BAD3A96-853A-4C7F-9963-024E31BB4492}.Release|Any CPU.ActiveCfg = Release|Any CPU
		{7BAD3A96-853A-4C7F-9963-024E31BB4492}.Release|Any CPU.Build.0 = Release|Any CPU
		{3779E70A-4FFD-4780-BD31-DC4FD22D8188}.Debug|Any CPU.ActiveCfg = Debug|Any CPU
		{3779E70A-4FFD-4780-BD31-DC4FD22D8188}.Debug|Any CPU.Build.0 = Debug|Any CPU
		{3779E70A-4FFD-4780-BD31-DC4FD22D8188}.Release|Any CPU.ActiveCfg = Release|Any CPU
		{3779E70A-4FFD-4780-BD31-DC4FD22D8188}.Release|Any CPU.Build.0 = Release|Any CPU
		{6EFF39D4-9473-4B09-9436-AD49AC713B1B}.Debug|Any CPU.ActiveCfg = Debug|Any CPU
		{6EFF39D4-9473-4B09-9436-AD49AC713B1B}.Debug|Any CPU.Build.0 = Debug|Any CPU
		{6EFF39D4-9473-4B09-9436-AD49AC713B1B}.Release|Any CPU.ActiveCfg = Release|Any CPU
		{6EFF39D4-9473-4B09-9436-AD49AC713B1B}.Release|Any CPU.Build.0 = Release|Any CPU
		{8531A397-CF99-4D2E-8DDB-10D80CE505B1}.Debug|Any CPU.ActiveCfg = Debug|Any CPU
		{8531A397-CF99-4D2E-8DDB-10D80CE505B1}.Debug|Any CPU.Build.0 = Debug|Any CPU
		{8531A397-CF99-4D2E-8DDB-10D80CE505B1}.Release|Any CPU.ActiveCfg = Release|Any CPU
		{8531A397-CF99-4D2E-8DDB-10D80CE505B1}.Release|Any CPU.Build.0 = Release|Any CPU
		{CFF45445-E8A1-4F39-87FE-CEC9A129AA80}.Debug|Any CPU.ActiveCfg = Debug|Any CPU
		{CFF45445-E8A1-4F39-87FE-CEC9A129AA80}.Debug|Any CPU.Build.0 = Debug|Any CPU
		{CFF45445-E8A1-4F39-87FE-CEC9A129AA80}.Release|Any CPU.ActiveCfg = Release|Any CPU
		{CFF45445-E8A1-4F39-87FE-CEC9A129AA80}.Release|Any CPU.Build.0 = Release|Any CPU
		{081F453A-4D7B-49F0-9EFB-C8965D172957}.Debug|Any CPU.ActiveCfg = Debug|Any CPU
		{081F453A-4D7B-49F0-9EFB-C8965D172957}.Debug|Any CPU.Build.0 = Debug|Any CPU
		{081F453A-4D7B-49F0-9EFB-C8965D172957}.Release|Any CPU.ActiveCfg = Release|Any CPU
		{081F453A-4D7B-49F0-9EFB-C8965D172957}.Release|Any CPU.Build.0 = Release|Any CPU
		{222E1F13-5903-49C6-A61D-BADF4AE55F15}.Debug|Any CPU.ActiveCfg = Debug|Any CPU
		{222E1F13-5903-49C6-A61D-BADF4AE55F15}.Debug|Any CPU.Build.0 = Debug|Any CPU
		{222E1F13-5903-49C6-A61D-BADF4AE55F15}.Release|Any CPU.ActiveCfg = Release|Any CPU
		{222E1F13-5903-49C6-A61D-BADF4AE55F15}.Release|Any CPU.Build.0 = Release|Any CPU
		{F464310D-CA0D-42E5-B396-C71D4BEA0C94}.Debug|Any CPU.ActiveCfg = Debug|Any CPU
		{F464310D-CA0D-42E5-B396-C71D4BEA0C94}.Debug|Any CPU.Build.0 = Debug|Any CPU
		{F464310D-CA0D-42E5-B396-C71D4BEA0C94}.Release|Any CPU.ActiveCfg = Release|Any CPU
		{F464310D-CA0D-42E5-B396-C71D4BEA0C94}.Release|Any CPU.Build.0 = Release|Any CPU
	EndGlobalSection
	GlobalSection(SolutionProperties) = preSolution
		HideSolutionNode = FALSE
	EndGlobalSection
	GlobalSection(NestedProjects) = preSolution
		{63120E4E-F0FE-4C46-A4F7-A893B910A703} = {39E8726F-66ED-4D7A-B3AE-132DF6D46244}
		{5F2FAD1E-6C08-48DB-9FDC-793B5D916691} = {63120E4E-F0FE-4C46-A4F7-A893B910A703}
		{52ED8EB8-1E26-4104-B44C-EBBF6BBA9D13} = {39E8726F-66ED-4D7A-B3AE-132DF6D46244}
		{3779E70A-4FFD-4780-BD31-DC4FD22D8188} = {52ED8EB8-1E26-4104-B44C-EBBF6BBA9D13}
		{09CD8094-0448-46E2-81E4-CCDBC88578BD} = {39E8726F-66ED-4D7A-B3AE-132DF6D46244}
		{6EFF39D4-9473-4B09-9436-AD49AC713B1B} = {09CD8094-0448-46E2-81E4-CCDBC88578BD}
		{8531A397-CF99-4D2E-8DDB-10D80CE505B1} = {09CD8094-0448-46E2-81E4-CCDBC88578BD}
		{655A630C-BEE9-4087-995B-16223E319D86} = {39E8726F-66ED-4D7A-B3AE-132DF6D46244}
		{CFF45445-E8A1-4F39-87FE-CEC9A129AA80} = {655A630C-BEE9-4087-995B-16223E319D86}
		{081F453A-4D7B-49F0-9EFB-C8965D172957} = {655A630C-BEE9-4087-995B-16223E319D86}
		{222E1F13-5903-49C6-A61D-BADF4AE55F15} = {655A630C-BEE9-4087-995B-16223E319D86}
		{F464310D-CA0D-42E5-B396-C71D4BEA0C94} = {655A630C-BEE9-4087-995B-16223E319D86}
	EndGlobalSection
	GlobalSection(ExtensibilityGlobals) = postSolution
		SolutionGuid = {AEDDA3B2-190D-4EAE-8F94-81F6B56880C4}
	EndGlobalSection
EndGlobal
